
Microsoft Visual Studio Solution File, Format Version 12.00
# Visual Studio Version 17
VisualStudioVersion = 17.9.34728.123
MinimumVisualStudioVersion = 10.0.40219.1
Project("{9A19103F-16F7-4668-BE54-9A1E7A4F7556}") = "Lab1", "Lab1\Lab1.csproj", "{FA68D80D-9E0C-4A62-8E4A-A7386F728887}"
EndProject
Project("{9A19103F-16F7-4668-BE54-9A1E7A4F7556}") = "Operatory", "Operatory\Operatory.csproj", "{6D2E017D-6BE9-4B2C-96D3-99AFF40AFA7F}"
EndProject
Project("{9A19103F-16F7-4668-BE54-9A1E7A4F7556}") = "6.1", "Zadanie4\6.1.csproj", "{0B1CEE9B-EC2E-464B-9DDD-F22274FBB15C}"
EndProject
Project("{9A19103F-16F7-4668-BE54-9A1E7A4F7556}") = "Zad_1.1", "Zad_1.1\Zad_1.1.csproj", "{0A142745-027B-4462-88C8-59EB77E5809F}"
EndProject
Project("{FAE04EC0-301F-11D3-BF4B-00C04F79EFBC}") = "1.2", "1.2\1.2.csproj", "{13CDFE02-A585-4EA3-8E5F-FDB23B1B4E40}"
EndProject
Project("{FAE04EC0-301F-11D3-BF4B-00C04F79EFBC}") = "1.3", "1.3\1.3.csproj", "{1820D21C-364B-4BD5-81E1-D658336C944E}"
EndProject
Project("{FAE04EC0-301F-11D3-BF4B-00C04F79EFBC}") = "1.4", "1.4\1.4.csproj", "{8EFA44BA-0413-43C7-98A4-15DE2667707C}"
EndProject
Project("{FAE04EC0-301F-11D3-BF4B-00C04F79EFBC}") = "1.5", "1.5\1.5.csproj", "{E503C9A1-2448-4AE7-A94F-1C8971730F36}"
EndProject
Project("{FAE04EC0-301F-11D3-BF4B-00C04F79EFBC}") = "1.6", "1.6\1.6.csproj", "{7A4A7942-3520-473F-A5FB-C571E52EDEC5}"
EndProject
Project("{FAE04EC0-301F-11D3-BF4B-00C04F79EFBC}") = "1.7", "1.7\1.7.csproj", "{446F0834-E6DB-4D1F-92E8-3C1F050B3109}"
EndProject
Project("{FAE04EC0-301F-11D3-BF4B-00C04F79EFBC}") = "1.8", "1.8\1.8.csproj", "{E1779D68-859D-4007-AEE9-1CEFC600C315}"
EndProject
Global
	GlobalSection(SolutionConfigurationPlatforms) = preSolution
		Debug|Any CPU = Debug|Any CPU
		Release|Any CPU = Release|Any CPU
	EndGlobalSection
	GlobalSection(ProjectConfigurationPlatforms) = postSolution
		{FA68D80D-9E0C-4A62-8E4A-A7386F728887}.Debug|Any CPU.ActiveCfg = Debug|Any CPU
		{FA68D80D-9E0C-4A62-8E4A-A7386F728887}.Debug|Any CPU.Build.0 = Debug|Any CPU
		{FA68D80D-9E0C-4A62-8E4A-A7386F728887}.Release|Any CPU.ActiveCfg = Release|Any CPU
		{FA68D80D-9E0C-4A62-8E4A-A7386F728887}.Release|Any CPU.Build.0 = Release|Any CPU
		{6D2E017D-6BE9-4B2C-96D3-99AFF40AFA7F}.Debug|Any CPU.ActiveCfg = Debug|Any CPU
		{6D2E017D-6BE9-4B2C-96D3-99AFF40AFA7F}.Debug|Any CPU.Build.0 = Debug|Any CPU
		{6D2E017D-6BE9-4B2C-96D3-99AFF40AFA7F}.Release|Any CPU.ActiveCfg = Release|Any CPU
		{6D2E017D-6BE9-4B2C-96D3-99AFF40AFA7F}.Release|Any CPU.Build.0 = Release|Any CPU
		{0B1CEE9B-EC2E-464B-9DDD-F22274FBB15C}.Debug|Any CPU.ActiveCfg = Debug|Any CPU
		{0B1CEE9B-EC2E-464B-9DDD-F22274FBB15C}.Debug|Any CPU.Build.0 = Debug|Any CPU
		{0B1CEE9B-EC2E-464B-9DDD-F22274FBB15C}.Release|Any CPU.ActiveCfg = Release|Any CPU
		{0B1CEE9B-EC2E-464B-9DDD-F22274FBB15C}.Release|Any CPU.Build.0 = Release|Any CPU
		{0A142745-027B-4462-88C8-59EB77E5809F}.Debug|Any CPU.ActiveCfg = Debug|Any CPU
		{0A142745-027B-4462-88C8-59EB77E5809F}.Debug|Any CPU.Build.0 = Debug|Any CPU
		{0A142745-027B-4462-88C8-59EB77E5809F}.Release|Any CPU.ActiveCfg = Release|Any CPU
		{0A142745-027B-4462-88C8-59EB77E5809F}.Release|Any CPU.Build.0 = Release|Any CPU
		{13CDFE02-A585-4EA3-8E5F-FDB23B1B4E40}.Debug|Any CPU.ActiveCfg = Debug|Any CPU
		{13CDFE02-A585-4EA3-8E5F-FDB23B1B4E40}.Debug|Any CPU.Build.0 = Debug|Any CPU
		{13CDFE02-A585-4EA3-8E5F-FDB23B1B4E40}.Release|Any CPU.ActiveCfg = Release|Any CPU
		{13CDFE02-A585-4EA3-8E5F-FDB23B1B4E40}.Release|Any CPU.Build.0 = Release|Any CPU
		{1820D21C-364B-4BD5-81E1-D658336C944E}.Debug|Any CPU.ActiveCfg = Debug|Any CPU
		{1820D21C-364B-4BD5-81E1-D658336C944E}.Debug|Any CPU.Build.0 = Debug|Any CPU
		{1820D21C-364B-4BD5-81E1-D658336C944E}.Release|Any CPU.ActiveCfg = Release|Any CPU
		{1820D21C-364B-4BD5-81E1-D658336C944E}.Release|Any CPU.Build.0 = Release|Any CPU
		{8EFA44BA-0413-43C7-98A4-15DE2667707C}.Debug|Any CPU.ActiveCfg = Debug|Any CPU
		{8EFA44BA-0413-43C7-98A4-15DE2667707C}.Debug|Any CPU.Build.0 = Debug|Any CPU
		{8EFA44BA-0413-43C7-98A4-15DE2667707C}.Release|Any CPU.ActiveCfg = Release|Any CPU
		{8EFA44BA-0413-43C7-98A4-15DE2667707C}.Release|Any CPU.Build.0 = Release|Any CPU
		{E503C9A1-2448-4AE7-A94F-1C8971730F36}.Debug|Any CPU.ActiveCfg = Debug|Any CPU
		{E503C9A1-2448-4AE7-A94F-1C8971730F36}.Debug|Any CPU.Build.0 = Debug|Any CPU
		{E503C9A1-2448-4AE7-A94F-1C8971730F36}.Release|Any CPU.ActiveCfg = Release|Any CPU
		{E503C9A1-2448-4AE7-A94F-1C8971730F36}.Release|Any CPU.Build.0 = Release|Any CPU
		{7A4A7942-3520-473F-A5FB-C571E52EDEC5}.Debug|Any CPU.ActiveCfg = Debug|Any CPU
		{7A4A7942-3520-473F-A5FB-C571E52EDEC5}.Debug|Any CPU.Build.0 = Debug|Any CPU
		{7A4A7942-3520-473F-A5FB-C571E52EDEC5}.Release|Any CPU.ActiveCfg = Release|Any CPU
		{7A4A7942-3520-473F-A5FB-C571E52EDEC5}.Release|Any CPU.Build.0 = Release|Any CPU
		{446F0834-E6DB-4D1F-92E8-3C1F050B3109}.Debug|Any CPU.ActiveCfg = Debug|Any CPU
		{446F0834-E6DB-4D1F-92E8-3C1F050B3109}.Debug|Any CPU.Build.0 = Debug|Any CPU
		{446F0834-E6DB-4D1F-92E8-3C1F050B3109}.Release|Any CPU.ActiveCfg = Release|Any CPU
		{446F0834-E6DB-4D1F-92E8-3C1F050B3109}.Release|Any CPU.Build.0 = Release|Any CPU
		{E1779D68-859D-4007-AEE9-1CEFC600C315}.Debug|Any CPU.ActiveCfg = Debug|Any CPU
		{E1779D68-859D-4007-AEE9-1CEFC600C315}.Debug|Any CPU.Build.0 = Debug|Any CPU
		{E1779D68-859D-4007-AEE9-1CEFC600C315}.Release|Any CPU.ActiveCfg = Release|Any CPU
		{E1779D68-859D-4007-AEE9-1CEFC600C315}.Release|Any CPU.Build.0 = Release|Any CPU
	EndGlobalSection
	GlobalSection(SolutionProperties) = preSolution
		HideSolutionNode = FALSE
	EndGlobalSection
	GlobalSection(ExtensibilityGlobals) = postSolution
		SolutionGuid = {6A4F7B4E-2ADE-410D-A89E-0DD0911EEB5B}
	EndGlobalSection
EndGlobal
